
Microsoft Visual Studio Solution File, Format Version 12.00
# Visual Studio Version 16
VisualStudioVersion = 16.0.30804.86
MinimumVisualStudioVersion = 10.0.40219.1
Project("{FAE04EC0-301F-11D3-BF4B-00C04F79EFBC}") = "Ukol", "Ukol\Ukol.csproj", "{BFC95452-22E9-4A59-A7F9-1E7EA2ABBA97}"
EndProject
Project("{FAE04EC0-301F-11D3-BF4B-00C04F79EFBC}") = "FormatConvertors", "FormatConvertors\FormatConvertors.csproj", "{3D60C2D2-219F-49E4-A91F-E547013CB949}"
EndProject
Project("{FAE04EC0-301F-11D3-BF4B-00C04F79EFBC}") = "Storages", "Storages\Storages.csproj", "{57BD6030-AC37-40AA-B8B9-53B39B750E6A}"
EndProject
Project("{FAE04EC0-301F-11D3-BF4B-00C04F79EFBC}") = "ConvertorsTest", "ConvertorsTest\ConvertorsTest.csproj", "{6BBE1791-2D2B-46E7-A68B-C4BC04A91903}"
EndProject
Global
	GlobalSection(SolutionConfigurationPlatforms) = preSolution
		Debug|Any CPU = Debug|Any CPU
		Release|Any CPU = Release|Any CPU
	EndGlobalSection
	GlobalSection(ProjectConfigurationPlatforms) = postSolution
		{BFC95452-22E9-4A59-A7F9-1E7EA2ABBA97}.Debug|Any CPU.ActiveCfg = Debug|Any CPU
		{BFC95452-22E9-4A59-A7F9-1E7EA2ABBA97}.Debug|Any CPU.Build.0 = Debug|Any CPU
		{BFC95452-22E9-4A59-A7F9-1E7EA2ABBA97}.Release|Any CPU.ActiveCfg = Release|Any CPU
		{BFC95452-22E9-4A59-A7F9-1E7EA2ABBA97}.Release|Any CPU.Build.0 = Release|Any CPU
		{3D60C2D2-219F-49E4-A91F-E547013CB949}.Debug|Any CPU.ActiveCfg = Debug|Any CPU
		{3D60C2D2-219F-49E4-A91F-E547013CB949}.Debug|Any CPU.Build.0 = Debug|Any CPU
		{3D60C2D2-219F-49E4-A91F-E547013CB949}.Release|Any CPU.ActiveCfg = Release|Any CPU
		{3D60C2D2-219F-49E4-A91F-E547013CB949}.Release|Any CPU.Build.0 = Release|Any CPU
		{57BD6030-AC37-40AA-B8B9-53B39B750E6A}.Debug|Any CPU.ActiveCfg = Debug|Any CPU
		{57BD6030-AC37-40AA-B8B9-53B39B750E6A}.Debug|Any CPU.Build.0 = Debug|Any CPU
		{57BD6030-AC37-40AA-B8B9-53B39B750E6A}.Release|Any CPU.ActiveCfg = Release|Any CPU
		{57BD6030-AC37-40AA-B8B9-53B39B750E6A}.Release|Any CPU.Build.0 = Release|Any CPU
		{6BBE1791-2D2B-46E7-A68B-C4BC04A91903}.Debug|Any CPU.ActiveCfg = Debug|Any CPU
		{6BBE1791-2D2B-46E7-A68B-C4BC04A91903}.Debug|Any CPU.Build.0 = Debug|Any CPU
		{6BBE1791-2D2B-46E7-A68B-C4BC04A91903}.Release|Any CPU.ActiveCfg = Release|Any CPU
		{6BBE1791-2D2B-46E7-A68B-C4BC04A91903}.Release|Any CPU.Build.0 = Release|Any CPU
	EndGlobalSection
	GlobalSection(SolutionProperties) = preSolution
		HideSolutionNode = FALSE
	EndGlobalSection
	GlobalSection(ExtensibilityGlobals) = postSolution
		SolutionGuid = {3E258FC6-6996-4A84-B338-69CB0C66C5BC}
	EndGlobalSection
EndGlobal
